<Solution>
  <Folder Name="/Task0/">
    <Project Path="Tyuiu.KravchenkoDS.Sprint2.Task0.V10.Lib/Tyuiu.KravchenkoDS.Sprint2.Task0.V10.Lib.csproj" />
    <Project Path="Tyuiu.KravchenkoDS.Sprint2.Task0.V10.Test/Tyuiu.KravchenkoDS.Sprint2.Task0.V10.Test.csproj" />
    <Project Path="Tyuiu.KravchenkoDS.Sprint2.Task0.V10/Tyuiu.KravchenkoDS.Sprint2.Task0.V10.csproj" />
  </Folder>
  <Folder Name="/Task1/">
    <Project Path="Tyuiu.KravchenkoDS.Sprint2.Task1.V22.Lib/Tyuiu.KravchenkoDS.Sprint2.Task1.V22.Lib.csproj" />
    <Project Path="Tyuiu.KravchenkoDS.Sprint2.Task1.V22.Test/Tyuiu.KravchenkoDS.Sprint2.Task1.V22.Test.csproj" />
    <Project Path="Tyuiu.KravchenkoDS.Sprint2.Task1.V22/Tyuiu.KravchenkoDS.Sprint2.Task1.V22.csproj" />
  </Folder>
  <Folder Name="/Task2/">
    <Project Path="Tyuiu.KravchenkoDS.Sprint2.Task2.V19.Lib/Tyuiu.KravchenkoDS.Sprint2.Task2.V19.Lib.csproj" />
    <Project Path="Tyuiu.KravchenkoDS.Sprint2.Task2.V19.Test/Tyuiu.KravchenkoDS.Sprint2.Task2.V19.Test.csproj" />
    <Project Path="Tyuiu.KravchenkoDS.Sprint2.Task2.V19/Tyuiu.KravchenkoDS.Sprint2.Task2.V19.csproj" />
  </Folder>
  <Folder Name="/Task3/">
    <Project Path="Tyuiu.KravchenkoDS.Sprint2.Task3.V17.Lib/Tyuiu.KravchenkoDS.Sprint2.Task3.V17.Lib.csproj" />
    <Project Path="Tyuiu.KravchenkoDS.Sprint2.Task3.V17.Test/Tyuiu.KravchenkoDS.Sprint2.Task3.V17.Test.csproj" />
    <Project Path="Tyuiu.KravchenkoDS.Sprint2.Task3.V17/Tyuiu.KravchenkoDS.Sprint2.Task3.V17.csproj" />
  </Folder>
  <Folder Name="/Task4/">
    <Project Path="Tyuiu.KravchenkoDS.Sprint2.Task4.V25.Lib/Tyuiu.KravchenkoDS.Sprint2.Task4.V25.Lib.csproj" Id="44d1ba6a-36cd-410b-acfd-de0fcfba8c5f" />
    <Project Path="Tyuiu.KravchenkoDS.Sprint2.Task4.V25.Test/Tyuiu.KravchenkoDS.Sprint2.Task4.V25.Test.csproj" Id="e2349afa-3ce9-4979-bbc0-351292091a8d" />
    <Project Path="Tyuiu.KravchenkoDS.Sprint2.Task4.V25/Tyuiu.KravchenkoDS.Sprint2.Task4.V25.csproj" Id="16a2aabd-aa18-4547-8255-a825dd1ff838" />
  </Folder>
  <Folder Name="/Task5/">
    <Project Path="Tyuiu.KravchenkoDS.Sprint2.Task5.V1.Lib/Tyuiu.KravchenkoDS.Sprint2.Task5.V1.Lib.csproj" Id="ce25c32e-e0ef-4539-8594-e5807129f271" />
    <Project Path="Tyuiu.KravchenkoDS.Sprint2.Task5.V1.Test/Tyuiu.KravchenkoDS.Sprint2.Task5.V1.Test.csproj" Id="0582aef5-8bfd-4170-b69a-12c46e7efc80" />
    <Project Path="Tyuiu.KravchenkoDS.Sprint2.Task5.V1/Tyuiu.KravchenkoDS.Sprint2.Task5.V1.csproj" Id="c649ae38-1b5c-494b-94fe-71d14e9bcdcf" />
  </Folder>
  <Folder Name="/Task6/">
    <Project Path="Tyuiu.KravchenkoDS.Sprint2.Task6.V13.Lib/Tyuiu.KravchenkoDS.Sprint2.Task6.V13.Lib.csproj" Id="97a27f3c-e19a-4714-a1f2-e51a4d8da863" />
    <Project Path="Tyuiu.KravchenkoDS.Sprint2.Task6.V13.Test/Tyuiu.KravchenkoDS.Sprint2.Task6.V13.Test.csproj" Id="701ca865-43cf-42a6-8575-da8abe09cab6" />
    <Project Path="Tyuiu.KravchenkoDS.Sprint2.Task6.V13/Tyuiu.KravchenkoDS.Sprint2.Task6.V13.csproj" Id="5ba78433-a942-49c4-bdd1-daf354d7f97d" />
  </Folder>
  <Folder Name="/Task7/">
    <Project Path="Tyuiu.KravchenkoDS.Sprint2.Task7.V14.Lib/Tyuiu.KravchenkoDS.Sprint2.Task7.V14.Lib.csproj" Id="adb15739-6d4c-479e-b991-07a293ab8f1d" />
    <Project Path="Tyuiu.KravchenkoDS.Sprint2.Task7.V14.Test/Tyuiu.KravchenkoDS.Sprint2.Task7.V14.Test.csproj" Id="c452853a-1c6d-4840-bb69-fce8f4e9e367" />
    <Project Path="Tyuiu.KravchenkoDS.Sprint2.Task7.V14/Tyuiu.KravchenkoDS.Sprint2.Task7.V14.csproj" Id="0bdd33f3-4cfd-4a81-8a9f-564f30995b29" />
  </Folder>
</Solution>
