<Solution>
  <Folder Name="/Task0/">
    <Project Path="Tyuiu.KravchenkoDS.Sprint2.Task0.V10.Lib/Tyuiu.KravchenkoDS.Sprint2.Task0.V10.Lib.csproj" />
    <Project Path="Tyuiu.KravchenkoDS.Sprint2.Task0.V10.Test/Tyuiu.KravchenkoDS.Sprint2.Task0.V10.Test.csproj" />
    <Project Path="Tyuiu.KravchenkoDS.Sprint2.Task0.V10/Tyuiu.KravchenkoDS.Sprint2.Task0.V10.csproj" />
  </Folder>
  <Folder Name="/Task1/">
    <Project Path="Tyuiu.KravchenkoDS.Sprint2.Task1.V22.Lib/Tyuiu.KravchenkoDS.Sprint2.Task1.V22.Lib.csproj" />
    <Project Path="Tyuiu.KravchenkoDS.Sprint2.Task1.V22.Test/Tyuiu.KravchenkoDS.Sprint2.Task1.V22.Test.csproj" />
    <Project Path="Tyuiu.KravchenkoDS.Sprint2.Task1.V22/Tyuiu.KravchenkoDS.Sprint2.Task1.V22.csproj" />
  </Folder>
</Solution>
